
Microsoft Visual Studio Solution File, Format Version 12.00
# Visual Studio Version 16
VisualStudioVersion = 16.0.30717.126
MinimumVisualStudioVersion = 10.0.40219.1
Project("{FAE04EC0-301F-11D3-BF4B-00C04F79EFBC}") = "aoc2020", "aoc2020\aoc2020.csproj", "{1B1656AC-12F7-4552-9273-1A0DAFBEA633}"
EndProject
Global
	GlobalSection(SolutionConfigurationPlatforms) = preSolution
		Debug|Any CPU = Debug|Any CPU
		Release|Any CPU = Release|Any CPU
	EndGlobalSection
	GlobalSection(ProjectConfigurationPlatforms) = postSolution
		{1B1656AC-12F7-4552-9273-1A0DAFBEA633}.Debug|Any CPU.ActiveCfg = Debug|Any CPU
		{1B1656AC-12F7-4552-9273-1A0DAFBEA633}.Debug|Any CPU.Build.0 = Debug|Any CPU
		{1B1656AC-12F7-4552-9273-1A0DAFBEA633}.Release|Any CPU.ActiveCfg = Release|Any CPU
		{1B1656AC-12F7-4552-9273-1A0DAFBEA633}.Release|Any CPU.Build.0 = Release|Any CPU
	EndGlobalSection
	GlobalSection(SolutionProperties) = preSolution
		HideSolutionNode = FALSE
	EndGlobalSection
	GlobalSection(ExtensibilityGlobals) = postSolution
		SolutionGuid = {BDD4404F-2DF7-481B-A933-CF0670285521}
	EndGlobalSection
EndGlobal
